
Microsoft Visual Studio Solution File, Format Version 12.00
# Visual Studio Version 17
VisualStudioVersion = 17.7.34202.233
MinimumVisualStudioVersion = 10.0.40219.1
Project("{FAE04EC0-301F-11D3-BF4B-00C04F79EFBC}") = "NearestExitFromMaze_WaveAlgorithm", "NearestExitFromMaze_WaveAlgorithm\NearestExitFromMaze_WaveAlgorithm.csproj", "{82CACA23-7F4C-45E1-86BF-B27EC75746D5}"
EndProject
Global
	GlobalSection(SolutionConfigurationPlatforms) = preSolution
		Debug|Any CPU = Debug|Any CPU
		Release|Any CPU = Release|Any CPU
	EndGlobalSection
	GlobalSection(ProjectConfigurationPlatforms) = postSolution
		{82CACA23-7F4C-45E1-86BF-B27EC75746D5}.Debug|Any CPU.ActiveCfg = Debug|Any CPU
		{82CACA23-7F4C-45E1-86BF-B27EC75746D5}.Debug|Any CPU.Build.0 = Debug|Any CPU
		{82CACA23-7F4C-45E1-86BF-B27EC75746D5}.Release|Any CPU.ActiveCfg = Release|Any CPU
		{82CACA23-7F4C-45E1-86BF-B27EC75746D5}.Release|Any CPU.Build.0 = Release|Any CPU
	EndGlobalSection
	GlobalSection(SolutionProperties) = preSolution
		HideSolutionNode = FALSE
	EndGlobalSection
	GlobalSection(ExtensibilityGlobals) = postSolution
		SolutionGuid = {257CFA1F-776F-4359-B059-02B6CAE8DBAF}
	EndGlobalSection
EndGlobal
